// !$*UTF8*$!
{
	archiveVersion = 1;
	classes = {
	};
	objectVersion = 46;
	objects = {

/* Begin PBXBuildFile section */
		CE97F87C1C965D6A00860240 /* main.m in Sources */ = {isa = PBXBuildFile; fileRef = CE97F87B1C965D6A00860240 /* main.m */; };
		CE97F87F1C965D6A00860240 /* AppDelegate.m in Sources */ = {isa = PBXBuildFile; fileRef = CE97F87E1C965D6A00860240 /* AppDelegate.m */; };
		CE97F8821C965D6A00860240 /* FirstViewController.m in Sources */ = {isa = PBXBuildFile; fileRef = CE97F8811C965D6A00860240 /* FirstViewController.m */; };
		CE97F8851C965D6A00860240 /* SecondViewController.m in Sources */ = {isa = PBXBuildFile; fileRef = CE97F8841C965D6A00860240 /* SecondViewController.m */; };
		CE97F8881C965D6A00860240 /* Main.storyboard in Resources */ = {isa = PBXBuildFile; fileRef = CE97F8861C965D6A00860240 /* Main.storyboard */; };
		CE97F88A1C965D6A00860240 /* Assets.xcassets in Resources */ = {isa = PBXBuildFile; fileRef = CE97F8891C965D6A00860240 /* Assets.xcassets */; };
		CE97F88D1C965D6A00860240 /* LaunchScreen.storyboard in Resources */ = {isa = PBXBuildFile; fileRef = CE97F88B1C965D6A00860240 /* LaunchScreen.storyboard */; };
		CE97F8981C965D6B00860240 /* week3_tapVCTests.m in Sources */ = {isa = PBXBuildFile; fileRef = CE97F8971C965D6B00860240 /* week3_tapVCTests.m */; };
		CE97F8A31C965D6B00860240 /* week3_tapVCUITests.m in Sources */ = {isa = PBXBuildFile; fileRef = CE97F8A21C965D6B00860240 /* week3_tapVCUITests.m */; };
		CE97F8B51C965F8E00860240 /* NXDetail2ViewController.m in Sources */ = {isa = PBXBuildFile; fileRef = CE97F8B41C965F8E00860240 /* NXDetail2ViewController.m */; };
		CE97F8BB1C96627100860240 /* NXDetailViewController.m in Sources */ = {isa = PBXBuildFile; fileRef = CE97F8BA1C96627100860240 /* NXDetailViewController.m */; };
		CE97F8C21C96675A00860240 /* NXPersonModel.m in Sources */ = {isa = PBXBuildFile; fileRef = CE97F8BF1C96675A00860240 /* NXPersonModel.m */; };
		CE97F8C31C96675A00860240 /* NXPersonModelManager.m in Sources */ = {isa = PBXBuildFile; fileRef = CE97F8C11C96675A00860240 /* NXPersonModelManager.m */; };
		CE97F8C51C96676900860240 /* NXFilemanager.m in Sources */ = {isa = PBXBuildFile; fileRef = CE97F8C41C96676900860240 /* NXFilemanager.m */; };
/* End PBXBuildFile section */

/* Begin PBXContainerItemProxy section */
		CE97F8941C965D6B00860240 /* PBXContainerItemProxy */ = {
			isa = PBXContainerItemProxy;
			containerPortal = CE97F86F1C965D6A00860240 /* Project object */;
			proxyType = 1;
			remoteGlobalIDString = CE97F8761C965D6A00860240;
			remoteInfo = week3_tapVC;
		};
		CE97F89F1C965D6B00860240 /* PBXContainerItemProxy */ = {
			isa = PBXContainerItemProxy;
			containerPortal = CE97F86F1C965D6A00860240 /* Project object */;
			proxyType = 1;
			remoteGlobalIDString = CE97F8761C965D6A00860240;
			remoteInfo = week3_tapVC;
		};
/* End PBXContainerItemProxy section */

/* Begin PBXFileReference section */
		CE97F8771C965D6A00860240 /* week3_tapVC.app */ = {isa = PBXFileReference; explicitFileType = wrapper.application; includeInIndex = 0; path = week3_tapVC.app; sourceTree = BUILT_PRODUCTS_DIR; };
		CE97F87B1C965D6A00860240 /* main.m */ = {isa = PBXFileReference; lastKnownFileType = sourcecode.c.objc; path = main.m; sourceTree = "<group>"; };
		CE97F87D1C965D6A00860240 /* AppDelegate.h */ = {isa = PBXFileReference; lastKnownFileType = sourcecode.c.h; path = AppDelegate.h; sourceTree = "<group>"; };
		CE97F87E1C965D6A00860240 /* AppDelegate.m */ = {isa = PBXFileReference; lastKnownFileType = sourcecode.c.objc; path = AppDelegate.m; sourceTree = "<group>"; };
		CE97F8801C965D6A00860240 /* FirstViewController.h */ = {isa = PBXFileReference; lastKnownFileType = sourcecode.c.h; path = FirstViewController.h; sourceTree = "<group>"; };
		CE97F8811C965D6A00860240 /* FirstViewController.m */ = {isa = PBXFileReference; lastKnownFileType = sourcecode.c.objc; path = FirstViewController.m; sourceTree = "<group>"; };
		CE97F8831C965D6A00860240 /* SecondViewController.h */ = {isa = PBXFileReference; lastKnownFileType = sourcecode.c.h; path = SecondViewController.h; sourceTree = "<group>"; };
		CE97F8841C965D6A00860240 /* SecondViewController.m */ = {isa = PBXFileReference; lastKnownFileType = sourcecode.c.objc; path = SecondViewController.m; sourceTree = "<group>"; };
		CE97F8871C965D6A00860240 /* Base */ = {isa = PBXFileReference; lastKnownFileType = file.storyboard; name = Base; path = Base.lproj/Main.storyboard; sourceTree = "<group>"; };
		CE97F8891C965D6A00860240 /* Assets.xcassets */ = {isa = PBXFileReference; lastKnownFileType = folder.assetcatalog; path = Assets.xcassets; sourceTree = "<group>"; };
		CE97F88C1C965D6A00860240 /* Base */ = {isa = PBXFileReference; lastKnownFileType = file.storyboard; name = Base; path = Base.lproj/LaunchScreen.storyboard; sourceTree = "<group>"; };
		CE97F88E1C965D6A00860240 /* Info.plist */ = {isa = PBXFileReference; lastKnownFileType = text.plist.xml; path = Info.plist; sourceTree = "<group>"; };
		CE97F8931C965D6B00860240 /* week3_tapVCTests.xctest */ = {isa = PBXFileReference; explicitFileType = wrapper.cfbundle; includeInIndex = 0; path = week3_tapVCTests.xctest; sourceTree = BUILT_PRODUCTS_DIR; };
		CE97F8971C965D6B00860240 /* week3_tapVCTests.m */ = {isa = PBXFileReference; lastKnownFileType = sourcecode.c.objc; path = week3_tapVCTests.m; sourceTree = "<group>"; };
		CE97F8991C965D6B00860240 /* Info.plist */ = {isa = PBXFileReference; lastKnownFileType = text.plist.xml; path = Info.plist; sourceTree = "<group>"; };
		CE97F89E1C965D6B00860240 /* week3_tapVCUITests.xctest */ = {isa = PBXFileReference; explicitFileType = wrapper.cfbundle; includeInIndex = 0; path = week3_tapVCUITests.xctest; sourceTree = BUILT_PRODUCTS_DIR; };
		CE97F8A21C965D6B00860240 /* week3_tapVCUITests.m */ = {isa = PBXFileReference; lastKnownFileType = sourcecode.c.objc; path = week3_tapVCUITests.m; sourceTree = "<group>"; };
		CE97F8A41C965D6B00860240 /* Info.plist */ = {isa = PBXFileReference; lastKnownFileType = text.plist.xml; path = Info.plist; sourceTree = "<group>"; };
		CE97F8B31C965F8E00860240 /* NXDetail2ViewController.h */ = {isa = PBXFileReference; fileEncoding = 4; lastKnownFileType = sourcecode.c.h; path = NXDetail2ViewController.h; sourceTree = "<group>"; };
		CE97F8B41C965F8E00860240 /* NXDetail2ViewController.m */ = {isa = PBXFileReference; fileEncoding = 4; lastKnownFileType = sourcecode.c.objc; path = NXDetail2ViewController.m; sourceTree = "<group>"; };
		CE97F8B91C96627100860240 /* NXDetailViewController.h */ = {isa = PBXFileReference; fileEncoding = 4; lastKnownFileType = sourcecode.c.h; path = NXDetailViewController.h; sourceTree = "<group>"; };
		CE97F8BA1C96627100860240 /* NXDetailViewController.m */ = {isa = PBXFileReference; fileEncoding = 4; lastKnownFileType = sourcecode.c.objc; path = NXDetailViewController.m; sourceTree = "<group>"; };
		CE97F8BD1C96675A00860240 /* NXFilemanager.h */ = {isa = PBXFileReference; fileEncoding = 4; lastKnownFileType = sourcecode.c.h; name = NXFilemanager.h; path = ../../week2_collection/week2_collection/NXFilemanager.h; sourceTree = "<group>"; };
		CE97F8BE1C96675A00860240 /* NXPersonModel.h */ = {isa = PBXFileReference; fileEncoding = 4; lastKnownFileType = sourcecode.c.h; name = NXPersonModel.h; path = ../../week2_collection/week2_collection/NXPersonModel.h; sourceTree = "<group>"; };
		CE97F8BF1C96675A00860240 /* NXPersonModel.m */ = {isa = PBXFileReference; fileEncoding = 4; lastKnownFileType = sourcecode.c.objc; name = NXPersonModel.m; path = ../../week2_collection/week2_collection/NXPersonModel.m; sourceTree = "<group>"; };
		CE97F8C01C96675A00860240 /* NXPersonModelManager.h */ = {isa = PBXFileReference; fileEncoding = 4; lastKnownFileType = sourcecode.c.h; name = NXPersonModelManager.h; path = ../../week2_collection/week2_collection/NXPersonModelManager.h; sourceTree = "<group>"; };
		CE97F8C11C96675A00860240 /* NXPersonModelManager.m */ = {isa = PBXFileReference; fileEncoding = 4; lastKnownFileType = sourcecode.c.objc; name = NXPersonModelManager.m; path = ../../week2_collection/week2_collection/NXPersonModelManager.m; sourceTree = "<group>"; };
		CE97F8C41C96676900860240 /* NXFilemanager.m */ = {isa = PBXFileReference; fileEncoding = 4; lastKnownFileType = sourcecode.c.objc; name = NXFilemanager.m; path = ../../week2_collection/week2_collection/NXFilemanager.m; sourceTree = "<group>"; };
/* End PBXFileReference section */

/* Begin PBXFrameworksBuildPhase section */
		CE97F8741C965D6A00860240 /* Frameworks */ = {
			isa = PBXFrameworksBuildPhase;
			buildActionMask = 2147483647;
			files = (
			);
			runOnlyForDeploymentPostprocessing = 0;
		};
		CE97F8901C965D6B00860240 /* Frameworks */ = {
			isa = PBXFrameworksBuildPhase;
			buildActionMask = 2147483647;
			files = (
			);
			runOnlyForDeploymentPostprocessing = 0;
		};
		CE97F89B1C965D6B00860240 /* Frameworks */ = {
			isa = PBXFrameworksBuildPhase;
			buildActionMask = 2147483647;
			files = (
			);
			runOnlyForDeploymentPostprocessing = 0;
		};
/* End PBXFrameworksBuildPhase section */

/* Begin PBXGroup section */
		CE97F86E1C965D6A00860240 = {
			isa = PBXGroup;
			children = (
				CE97F8791C965D6A00860240 /* week3_tapVC */,
				CE97F8961C965D6B00860240 /* week3_tapVCTests */,
				CE97F8A11C965D6B00860240 /* week3_tapVCUITests */,
				CE97F8781C965D6A00860240 /* Products */,
			);
			sourceTree = "<group>";
		};
		CE97F8781C965D6A00860240 /* Products */ = {
			isa = PBXGroup;
			children = (
				CE97F8771C965D6A00860240 /* week3_tapVC.app */,
				CE97F8931C965D6B00860240 /* week3_tapVCTests.xctest */,
				CE97F89E1C965D6B00860240 /* week3_tapVCUITests.xctest */,
			);
			name = Products;
			sourceTree = "<group>";
		};
		CE97F8791C965D6A00860240 /* week3_tapVC */ = {
			isa = PBXGroup;
			children = (
				CE97F8BC1C96670F00860240 /* NXperson */,
				CE97F87D1C965D6A00860240 /* AppDelegate.h */,
				CE97F87E1C965D6A00860240 /* AppDelegate.m */,
				CE97F8801C965D6A00860240 /* FirstViewController.h */,
				CE97F8811C965D6A00860240 /* FirstViewController.m */,
				CE97F8831C965D6A00860240 /* SecondViewController.h */,
				CE97F8841C965D6A00860240 /* SecondViewController.m */,
				CE97F8B91C96627100860240 /* NXDetailViewController.h */,
				CE97F8BA1C96627100860240 /* NXDetailViewController.m */,
				CE97F8B31C965F8E00860240 /* NXDetail2ViewController.h */,
				CE97F8B41C965F8E00860240 /* NXDetail2ViewController.m */,
				CE97F8861C965D6A00860240 /* Main.storyboard */,
				CE97F8891C965D6A00860240 /* Assets.xcassets */,
				CE97F88B1C965D6A00860240 /* LaunchScreen.storyboard */,
				CE97F88E1C965D6A00860240 /* Info.plist */,
				CE97F87A1C965D6A00860240 /* Supporting Files */,
			);
			path = week3_tapVC;
			sourceTree = "<group>";
		};
		CE97F87A1C965D6A00860240 /* Supporting Files */ = {
			isa = PBXGroup;
			children = (
				CE97F87B1C965D6A00860240 /* main.m */,
			);
			name = "Supporting Files";
			sourceTree = "<group>";
		};
		CE97F8961C965D6B00860240 /* week3_tapVCTests */ = {
			isa = PBXGroup;
			children = (
				CE97F8971C965D6B00860240 /* week3_tapVCTests.m */,
				CE97F8991C965D6B00860240 /* Info.plist */,
			);
			path = week3_tapVCTests;
			sourceTree = "<group>";
		};
		CE97F8A11C965D6B00860240 /* week3_tapVCUITests */ = {
			isa = PBXGroup;
			children = (
				CE97F8A21C965D6B00860240 /* week3_tapVCUITests.m */,
				CE97F8A41C965D6B00860240 /* Info.plist */,
			);
			path = week3_tapVCUITests;
			sourceTree = "<group>";
		};
		CE97F8BC1C96670F00860240 /* NXperson */ = {
			isa = PBXGroup;
			children = (
				CE97F8BD1C96675A00860240 /* NXFilemanager.h */,
				CE97F8C41C96676900860240 /* NXFilemanager.m */,
				CE97F8BE1C96675A00860240 /* NXPersonModel.h */,
				CE97F8BF1C96675A00860240 /* NXPersonModel.m */,
				CE97F8C01C96675A00860240 /* NXPersonModelManager.h */,
				CE97F8C11C96675A00860240 /* NXPersonModelManager.m */,
			);
			name = NXperson;
			sourceTree = "<group>";
		};
/* End PBXGroup section */

/* Begin PBXNativeTarget section */
		CE97F8761C965D6A00860240 /* week3_tapVC */ = {
			isa = PBXNativeTarget;
			buildConfigurationList = CE97F8A71C965D6B00860240 /* Build configuration list for PBXNativeTarget "week3_tapVC" */;
			buildPhases = (
				CE97F8731C965D6A00860240 /* Sources */,
				CE97F8741C965D6A00860240 /* Frameworks */,
				CE97F8751C965D6A00860240 /* Resources */,
			);
			buildRules = (
			);
			dependencies = (
			);
			name = week3_tapVC;
			productName = week3_tapVC;
			productReference = CE97F8771C965D6A00860240 /* week3_tapVC.app */;
			productType = "com.apple.product-type.application";
		};
		CE97F8921C965D6B00860240 /* week3_tapVCTests */ = {
			isa = PBXNativeTarget;
			buildConfigurationList = CE97F8AA1C965D6B00860240 /* Build configuration list for PBXNativeTarget "week3_tapVCTests" */;
			buildPhases = (
				CE97F88F1C965D6B00860240 /* Sources */,
				CE97F8901C965D6B00860240 /* Frameworks */,
				CE97F8911C965D6B00860240 /* Resources */,
			);
			buildRules = (
			);
			dependencies = (
				CE97F8951C965D6B00860240 /* PBXTargetDependency */,
			);
			name = week3_tapVCTests;
			productName = week3_tapVCTests;
			productReference = CE97F8931C965D6B00860240 /* week3_tapVCTests.xctest */;
			productType = "com.apple.product-type.bundle.unit-test";
		};
		CE97F89D1C965D6B00860240 /* week3_tapVCUITests */ = {
			isa = PBXNativeTarget;
			buildConfigurationList = CE97F8AD1C965D6B00860240 /* Build configuration list for PBXNativeTarget "week3_tapVCUITests" */;
			buildPhases = (
				CE97F89A1C965D6B00860240 /* Sources */,
				CE97F89B1C965D6B00860240 /* Frameworks */,
				CE97F89C1C965D6B00860240 /* Resources */,
			);
			buildRules = (
			);
			dependencies = (
				CE97F8A01C965D6B00860240 /* PBXTargetDependency */,
			);
			name = week3_tapVCUITests;
			productName = week3_tapVCUITests;
			productReference = CE97F89E1C965D6B00860240 /* week3_tapVCUITests.xctest */;
			productType = "com.apple.product-type.bundle.ui-testing";
		};
/* End PBXNativeTarget section */

/* Begin PBXProject section */
		CE97F86F1C965D6A00860240 /* Project object */ = {
			isa = PBXProject;
			attributes = {
				LastUpgradeCheck = 0720;
				ORGANIZATIONNAME = "Lee Kyu-Won";
				TargetAttributes = {
					CE97F8761C965D6A00860240 = {
						CreatedOnToolsVersion = 7.2.1;
					};
					CE97F8921C965D6B00860240 = {
						CreatedOnToolsVersion = 7.2.1;
						TestTargetID = CE97F8761C965D6A00860240;
					};
					CE97F89D1C965D6B00860240 = {
						CreatedOnToolsVersion = 7.2.1;
						TestTargetID = CE97F8761C965D6A00860240;
					};
				};
			};
			buildConfigurationList = CE97F8721C965D6A00860240 /* Build configuration list for PBXProject "week3_tapVC" */;
			compatibilityVersion = "Xcode 3.2";
			developmentRegion = English;
			hasScannedForEncodings = 0;
			knownRegions = (
				en,
				Base,
			);
			mainGroup = CE97F86E1C965D6A00860240;
			productRefGroup = CE97F8781C965D6A00860240 /* Products */;
			projectDirPath = "";
			projectRoot = "";
			targets = (
				CE97F8761C965D6A00860240 /* week3_tapVC */,
				CE97F8921C965D6B00860240 /* week3_tapVCTests */,
				CE97F89D1C965D6B00860240 /* week3_tapVCUITests */,
			);
		};
/* End PBXProject section */

/* Begin PBXResourcesBuildPhase section */
		CE97F8751C965D6A00860240 /* Resources */ = {
			isa = PBXResourcesBuildPhase;
			buildActionMask = 2147483647;
			files = (
				CE97F88D1C965D6A00860240 /* LaunchScreen.storyboard in Resources */,
				CE97F88A1C965D6A00860240 /* Assets.xcassets in Resources */,
				CE97F8881C965D6A00860240 /* Main.storyboard in Resources */,
			);
			runOnlyForDeploymentPostprocessing = 0;
		};
		CE97F8911C965D6B00860240 /* Resources */ = {
			isa = PBXResourcesBuildPhase;
			buildActionMask = 2147483647;
			files = (
			);
			runOnlyForDeploymentPostprocessing = 0;
		};
		CE97F89C1C965D6B00860240 /* Resources */ = {
			isa = PBXResourcesBuildPhase;
			buildActionMask = 2147483647;
			files = (
			);
			runOnlyForDeploymentPostprocessing = 0;
		};
/* End PBXResourcesBuildPhase section */

/* Begin PBXSourcesBuildPhase section */
		CE97F8731C965D6A00860240 /* Sources */ = {
			isa = PBXSourcesBuildPhase;
			buildActionMask = 2147483647;
			files = (
				CE97F8851C965D6A00860240 /* SecondViewController.m in Sources */,
				CE97F87F1C965D6A00860240 /* AppDelegate.m in Sources */,
				CE97F8C31C96675A00860240 /* NXPersonModelManager.m in Sources */,
				CE97F8821C965D6A00860240 /* FirstViewController.m in Sources */,
				CE97F8C21C96675A00860240 /* NXPersonModel.m in Sources */,
				CE97F8BB1C96627100860240 /* NXDetailViewController.m in Sources */,
				CE97F8B51C965F8E00860240 /* NXDetail2ViewController.m in Sources */,
				CE97F87C1C965D6A00860240 /* main.m in Sources */,
				CE97F8C51C96676900860240 /* NXFilemanager.m in Sources */,
			);
			runOnlyForDeploymentPostprocessing = 0;
		};
		CE97F88F1C965D6B00860240 /* Sources */ = {
			isa = PBXSourcesBuildPhase;
			buildActionMask = 2147483647;
			files = (
				CE97F8981C965D6B00860240 /* week3_tapVCTests.m in Sources */,
			);
			runOnlyForDeploymentPostprocessing = 0;
		};
		CE97F89A1C965D6B00860240 /* Sources */ = {
			isa = PBXSourcesBuildPhase;
			buildActionMask = 2147483647;
			files = (
				CE97F8A31C965D6B00860240 /* week3_tapVCUITests.m in Sources */,
			);
			runOnlyForDeploymentPostprocessing = 0;
		};
/* End PBXSourcesBuildPhase section */

/* Begin PBXTargetDependency section */
		CE97F8951C965D6B00860240 /* PBXTargetDependency */ = {
			isa = PBXTargetDependency;
			target = CE97F8761C965D6A00860240 /* week3_tapVC */;
			targetProxy = CE97F8941C965D6B00860240 /* PBXContainerItemProxy */;
		};
		CE97F8A01C965D6B00860240 /* PBXTargetDependency */ = {
			isa = PBXTargetDependency;
			target = CE97F8761C965D6A00860240 /* week3_tapVC */;
			targetProxy = CE97F89F1C965D6B00860240 /* PBXContainerItemProxy */;
		};
/* End PBXTargetDependency section */

/* Begin PBXVariantGroup section */
		CE97F8861C965D6A00860240 /* Main.storyboard */ = {
			isa = PBXVariantGroup;
			children = (
				CE97F8871C965D6A00860240 /* Base */,
			);
			name = Main.storyboard;
			sourceTree = "<group>";
		};
		CE97F88B1C965D6A00860240 /* LaunchScreen.storyboard */ = {
			isa = PBXVariantGroup;
			children = (
				CE97F88C1C965D6A00860240 /* Base */,
			);
			name = LaunchScreen.storyboard;
			sourceTree = "<group>";
		};
/* End PBXVariantGroup section */

/* Begin XCBuildConfiguration section */
		CE97F8A51C965D6B00860240 /* Debug */ = {
			isa = XCBuildConfiguration;
			buildSettings = {
				ALWAYS_SEARCH_USER_PATHS = NO;
				CLANG_CXX_LANGUAGE_STANDARD = "gnu++0x";
				CLANG_CXX_LIBRARY = "libc++";
				CLANG_ENABLE_MODULES = YES;
				CLANG_ENABLE_OBJC_ARC = YES;
				CLANG_WARN_BOOL_CONVERSION = YES;
				CLANG_WARN_CONSTANT_CONVERSION = YES;
				CLANG_WARN_DIRECT_OBJC_ISA_USAGE = YES_ERROR;
				CLANG_WARN_EMPTY_BODY = YES;
				CLANG_WARN_ENUM_CONVERSION = YES;
				CLANG_WARN_INT_CONVERSION = YES;
				CLANG_WARN_OBJC_ROOT_CLASS = YES_ERROR;
				CLANG_WARN_UNREACHABLE_CODE = YES;
				CLANG_WARN__DUPLICATE_METHOD_MATCH = YES;
				"CODE_SIGN_IDENTITY[sdk=iphoneos*]" = "iPhone Developer";
				COPY_PHASE_STRIP = NO;
				DEBUG_INFORMATION_FORMAT = dwarf;
				ENABLE_STRICT_OBJC_MSGSEND = YES;
				ENABLE_TESTABILITY = YES;
				GCC_C_LANGUAGE_STANDARD = gnu99;
				GCC_DYNAMIC_NO_PIC = NO;
				GCC_NO_COMMON_BLOCKS = YES;
				GCC_OPTIMIZATION_LEVEL = 0;
				GCC_PREPROCESSOR_DEFINITIONS = (
					"DEBUG=1",
					"$(inherited)",
				);
				GCC_WARN_64_TO_32_BIT_CONVERSION = YES;
				GCC_WARN_ABOUT_RETURN_TYPE = YES_ERROR;
				GCC_WARN_UNDECLARED_SELECTOR = YES;
				GCC_WARN_UNINITIALIZED_AUTOS = YES_AGGRESSIVE;
				GCC_WARN_UNUSED_FUNCTION = YES;
				GCC_WARN_UNUSED_VARIABLE = YES;
				IPHONEOS_DEPLOYMENT_TARGET = 9.2;
				MTL_ENABLE_DEBUG_INFO = YES;
				ONLY_ACTIVE_ARCH = YES;
				SDKROOT = iphoneos;
				TARGETED_DEVICE_FAMILY = "1,2";
			};
			name = Debug;
		};
		CE97F8A61C965D6B00860240 /* Release */ = {
			isa = XCBuildConfiguration;
			buildSettings = {
				ALWAYS_SEARCH_USER_PATHS = NO;
				CLANG_CXX_LANGUAGE_STANDARD = "gnu++0x";
				CLANG_CXX_LIBRARY = "libc++";
				CLANG_ENABLE_MODULES = YES;
				CLANG_ENABLE_OBJC_ARC = YES;
				CLANG_WARN_BOOL_CONVERSION = YES;
				CLANG_WARN_CONSTANT_CONVERSION = YES;
				CLANG_WARN_DIRECT_OBJC_ISA_USAGE = YES_ERROR;
				CLANG_WARN_EMPTY_BODY = YES;
				CLANG_WARN_ENUM_CONVERSION = YES;
				CLANG_WARN_INT_CONVERSION = YES;
				CLANG_WARN_OBJC_ROOT_CLASS = YES_ERROR;
				CLANG_WARN_UNREACHABLE_CODE = YES;
				CLANG_WARN__DUPLICATE_METHOD_MATCH = YES;
				"CODE_SIGN_IDENTITY[sdk=iphoneos*]" = "iPhone Developer";
				COPY_PHASE_STRIP = NO;
				DEBUG_INFORMATION_FORMAT = "dwarf-with-dsym";
				ENABLE_NS_ASSERTIONS = NO;
				ENABLE_STRICT_OBJC_MSGSEND = YES;
				GCC_C_LANGUAGE_STANDARD = gnu99;
				GCC_NO_COMMON_BLOCKS = YES;
				GCC_WARN_64_TO_32_BIT_CONVERSION = YES;
				GCC_WARN_ABOUT_RETURN_TYPE = YES_ERROR;
				GCC_WARN_UNDECLARED_SELECTOR = YES;
				GCC_WARN_UNINITIALIZED_AUTOS = YES_AGGRESSIVE;
				GCC_WARN_UNUSED_FUNCTION = YES;
				GCC_WARN_UNUSED_VARIABLE = YES;
				IPHONEOS_DEPLOYMENT_TARGET = 9.2;
				MTL_ENABLE_DEBUG_INFO = NO;
				SDKROOT = iphoneos;
				TARGETED_DEVICE_FAMILY = "1,2";
				VALIDATE_PRODUCT = YES;
			};
			name = Release;
		};
		CE97F8A81C965D6B00860240 /* Debug */ = {
			isa = XCBuildConfiguration;
			buildSettings = {
				ASSETCATALOG_COMPILER_APPICON_NAME = AppIcon;
				INFOPLIST_FILE = week3_tapVC/Info.plist;
				LD_RUNPATH_SEARCH_PATHS = "$(inherited) @executable_path/Frameworks";
				PRODUCT_BUNDLE_IDENTIFIER = "next16.week3-tapVC";
				PRODUCT_NAME = "$(TARGET_NAME)";
				TARGETED_DEVICE_FAMILY = 1;
			};
			name = Debug;
		};
		CE97F8A91C965D6B00860240 /* Release */ = {
			isa = XCBuildConfiguration;
			buildSettings = {
				ASSETCATALOG_COMPILER_APPICON_NAME = AppIcon;
				INFOPLIST_FILE = week3_tapVC/Info.plist;
				LD_RUNPATH_SEARCH_PATHS = "$(inherited) @executable_path/Frameworks";
				PRODUCT_BUNDLE_IDENTIFIER = "next16.week3-tapVC";
				PRODUCT_NAME = "$(TARGET_NAME)";
				TARGETED_DEVICE_FAMILY = 1;
			};
			name = Release;
		};
		CE97F8AB1C965D6B00860240 /* Debug */ = {
			isa = XCBuildConfiguration;
			buildSettings = {
				BUNDLE_LOADER = "$(TEST_HOST)";
				INFOPLIST_FILE = week3_tapVCTests/Info.plist;
				LD_RUNPATH_SEARCH_PATHS = "$(inherited) @executable_path/Frameworks @loader_path/Frameworks";
				PRODUCT_BUNDLE_IDENTIFIER = "next16.week3-tapVCTests";
				PRODUCT_NAME = "$(TARGET_NAME)";
				TEST_HOST = "$(BUILT_PRODUCTS_DIR)/week3_tapVC.app/week3_tapVC";
			};
			name = Debug;
		};
		CE97F8AC1C965D6B00860240 /* Release */ = {
			isa = XCBuildConfiguration;
			buildSettings = {
				BUNDLE_LOADER = "$(TEST_HOST)";
				INFOPLIST_FILE = week3_tapVCTests/Info.plist;
				LD_RUNPATH_SEARCH_PATHS = "$(inherited) @executable_path/Frameworks @loader_path/Frameworks";
				PRODUCT_BUNDLE_IDENTIFIER = "next16.week3-tapVCTests";
				PRODUCT_NAME = "$(TARGET_NAME)";
				TEST_HOST = "$(BUILT_PRODUCTS_DIR)/week3_tapVC.app/week3_tapVC";
			};
			name = Release;
		};
		CE97F8AE1C965D6B00860240 /* Debug */ = {
			isa = XCBuildConfiguration;
			buildSettings = {
				INFOPLIST_FILE = week3_tapVCUITests/Info.plist;
				LD_RUNPATH_SEARCH_PATHS = "$(inherited) @executable_path/Frameworks @loader_path/Frameworks";
				PRODUCT_BUNDLE_IDENTIFIER = "next16.week3-tapVCUITests";
				PRODUCT_NAME = "$(TARGET_NAME)";
				TEST_TARGET_NAME = week3_tapVC;
				USES_XCTRUNNER = YES;
			};
			name = Debug;
		};
		CE97F8AF1C965D6B00860240 /* Release */ = {
			isa = XCBuildConfiguration;
			buildSettings = {
				INFOPLIST_FILE = week3_tapVCUITests/Info.plist;
				LD_RUNPATH_SEARCH_PATHS = "$(inherited) @executable_path/Frameworks @loader_path/Frameworks";
				PRODUCT_BUNDLE_IDENTIFIER = "next16.week3-tapVCUITests";
				PRODUCT_NAME = "$(TARGET_NAME)";
				TEST_TARGET_NAME = week3_tapVC;
				USES_XCTRUNNER = YES;
			};
			name = Release;
		};
/* End XCBuildConfiguration section */

/* Begin XCConfigurationList section */
		CE97F8721C965D6A00860240 /* Build configuration list for PBXProject "week3_tapVC" */ = {
			isa = XCConfigurationList;
			buildConfigurations = (
				CE97F8A51C965D6B00860240 /* Debug */,
				CE97F8A61C965D6B00860240 /* Release */,
			);
			defaultConfigurationIsVisible = 0;
			defaultConfigurationName = Release;
		};
		CE97F8A71C965D6B00860240 /* Build configuration list for PBXNativeTarget "week3_tapVC" */ = {
			isa = XCConfigurationList;
			buildConfigurations = (
				CE97F8A81C965D6B00860240 /* Debug */,
				CE97F8A91C965D6B00860240 /* Release */,
			);
			defaultConfigurationIsVisible = 0;
		};
		CE97F8AA1C965D6B00860240 /* Build configuration list for PBXNativeTarget "week3_tapVCTests" */ = {
			isa = XCConfigurationList;
			buildConfigurations = (
				CE97F8AB1C965D6B00860240 /* Debug */,
				CE97F8AC1C965D6B00860240 /* Release */,
			);
			defaultConfigurationIsVisible = 0;
		};
		CE97F8AD1C965D6B00860240 /* Build configuration list for PBXNativeTarget "week3_tapVCUITests" */ = {
			isa = XCConfigurationList;
			buildConfigurations = (
				CE97F8AE1C965D6B00860240 /* Debug */,
				CE97F8AF1C965D6B00860240 /* Release */,
			);
			defaultConfigurationIsVisible = 0;
		};
/* End XCConfigurationList section */
	};
	rootObject = CE97F86F1C965D6A00860240 /* Project object */;
}
